
Microsoft Visual Studio Solution File, Format Version 10.00
# Visual Studio 2008
Project("{6989167D-11E4-40FE-8C1A-2192A86A7E90}") = "Nozzle1DNormalShock", "Nozzle1DNormalShock\Nozzle1DNormalShock.vfproj", "{65320ACB-8502-4F8A-B5B4-2F0B2641D8DE}"
EndProject
Global
	GlobalSection(SolutionConfigurationPlatforms) = preSolution
		Debug|Win32 = Debug|Win32
		Release|Win32 = Release|Win32
	EndGlobalSection
	GlobalSection(ProjectConfigurationPlatforms) = postSolution
		{65320ACB-8502-4F8A-B5B4-2F0B2641D8DE}.Debug|Win32.ActiveCfg = Debug|Win32
		{65320ACB-8502-4F8A-B5B4-2F0B2641D8DE}.Debug|Win32.Build.0 = Debug|Win32
		{65320ACB-8502-4F8A-B5B4-2F0B2641D8DE}.Release|Win32.ActiveCfg = Release|Win32
		{65320ACB-8502-4F8A-B5B4-2F0B2641D8DE}.Release|Win32.Build.0 = Release|Win32
	EndGlobalSection
	GlobalSection(SolutionProperties) = preSolution
		HideSolutionNode = FALSE
	EndGlobalSection
EndGlobal
